// !$*UTF8*$!
{
	archiveVersion = 1;
	classes = {
	};
	objectVersion = 50;
	objects = {

/* Begin PBXBuildFile section */
		3D79B1E021E6E38600AED3F5 /* 1.jpg in CopyFiles */ = {isa = PBXBuildFile; fileRef = 3D79B1DE21E6E37B00AED3F5 /* 1.jpg */; };
		3D79B1E121E6E38600AED3F5 /* 2.jpg in CopyFiles */ = {isa = PBXBuildFile; fileRef = 3D79B1DF21E6E37B00AED3F5 /* 2.jpg */; };
		64AB80DAE94BD07B77D8B2E9 /* HTUniformBuffer.cpp in Sources */ = {isa = PBXBuildFile; fileRef = 64AB838638B228F2DCEDEDA5 /* HTUniformBuffer.cpp */; };
		64AB816196813BF51A1C5F5F /* HTWindow.mm in Sources */ = {isa = PBXBuildFile; fileRef = 64AB88BAC5071EBD287556F8 /* HTWindow.mm */; };
		64AB819796DB4AD6A02E0D0A /* HTRenderPass.cpp in Sources */ = {isa = PBXBuildFile; fileRef = 64AB8202751A74014F09BA93 /* HTRenderPass.cpp */; };
		64AB81B35E3AEFF7F4B92C91 /* HTCommandBufferPool.cpp in Sources */ = {isa = PBXBuildFile; fileRef = 64AB8C22C8EF8E67EAF9F8FD /* HTCommandBufferPool.cpp */; };
		64AB81EB0D5C1B9BFB494366 /* HTBuffer.cpp in Sources */ = {isa = PBXBuildFile; fileRef = 64AB84E399FACB06C49BAC96 /* HTBuffer.cpp */; };
		64AB83F40AA746EA866229D1 /* HTFrameBufferPool.cpp in Sources */ = {isa = PBXBuildFile; fileRef = 64AB880A59F49773E818A0A0 /* HTFrameBufferPool.cpp */; };
		64AB8459796E234DF93A473C /* HTVertexBuffer.cpp in Sources */ = {isa = PBXBuildFile; fileRef = 64AB8B42600FF006818D5FE1 /* HTVertexBuffer.cpp */; };
		64AB854AE739ED4A029CD95D /* HTRenderSurface.cpp in Sources */ = {isa = PBXBuildFile; fileRef = 64AB8A643FF05D1CCDB05171 /* HTRenderSurface.cpp */; };
		64AB85941593057E2E2DB68B /* HTRenderPipline.cpp in Sources */ = {isa = PBXBuildFile; fileRef = 64AB8F67636D7DDFF0FCBFE1 /* HTRenderPipline.cpp */; };
		64AB86346A8EAB95EDBCADBD /* HTRenderer.cpp in Sources */ = {isa = PBXBuildFile; fileRef = 64AB84B0741A87400CF989B4 /* HTRenderer.cpp */; };
		64AB8D82A2F7C81ED34D7C56 /* HTUniformBufferPool.cpp in Sources */ = {isa = PBXBuildFile; fileRef = 64AB88E423F69B9782946A99 /* HTUniformBufferPool.cpp */; };
		64AB8EBD38D43650DA5FB6AF /* HTTexture.cpp in Sources */ = {isa = PBXBuildFile; fileRef = 64AB842FB3483B4290FD1516 /* HTTexture.cpp */; };
		8E140EAF216B62480016E1A3 /* main.cpp in Sources */ = {isa = PBXBuildFile; fileRef = 8E140EAE216B62480016E1A3 /* main.cpp */; };
		8E140EBA216B629F0016E1A3 /* HTRenderDevice.cpp in Sources */ = {isa = PBXBuildFile; fileRef = 8E140EB8216B629F0016E1A3 /* HTRenderDevice.cpp */; };
		8E140EBD216B65ED0016E1A3 /* libvulkan.1.dylib in Frameworks */ = {isa = PBXBuildFile; fileRef = 8E140EBC216B65ED0016E1A3 /* libvulkan.1.dylib */; };
		8E140EBE216B65F30016E1A3 /* libvulkan.1.dylib in CopyFiles */ = {isa = PBXBuildFile; fileRef = 8E140EBC216B65ED0016E1A3 /* libvulkan.1.dylib */; };
		8E140EC2216B69570016E1A3 /* MoltenVK_icd.json in CopyFiles */ = {isa = PBXBuildFile; fileRef = 8E140EC1216B693E0016E1A3 /* MoltenVK_icd.json */; };
		8E140EC4216B6D720016E1A3 /* libMoltenVK.dylib in Frameworks */ = {isa = PBXBuildFile; fileRef = 8E140EC3216B6D720016E1A3 /* libMoltenVK.dylib */; };
		8E140EC5216B6D930016E1A3 /* libMoltenVK.dylib in CopyFiles */ = {isa = PBXBuildFile; fileRef = 8E140EC3216B6D720016E1A3 /* libMoltenVK.dylib */; };
		8E3239F82179E30E009056C3 /* HTVulkanInstance.cpp in Sources */ = {isa = PBXBuildFile; fileRef = 8E3239F72179E30E009056C3 /* HTVulkanInstance.cpp */; };
		8E5FF967217847B800AF320F /* Cocoa.framework in Frameworks */ = {isa = PBXBuildFile; fileRef = 8E5FF966217847B800AF320F /* Cocoa.framework */; };
		8E5FF96B217847C800AF320F /* MetalKit.framework in Frameworks */ = {isa = PBXBuildFile; fileRef = 8E5FF96A217847C800AF320F /* MetalKit.framework */; };
		8E7B122021A2BC6D00D669A6 /* frag.spv in CopyFiles */ = {isa = PBXBuildFile; fileRef = 8EBE7F5B21944F52007AED2B /* frag.spv */; };
		8E7B122121A2BC6F00D669A6 /* vert.spv in CopyFiles */ = {isa = PBXBuildFile; fileRef = 8EBE7F5E21944F52007AED2B /* vert.spv */; };
		8E82D8232178676300F58457 /* CoreVideo.framework in Frameworks */ = {isa = PBXBuildFile; fileRef = 8E82D8222178676300F58457 /* CoreVideo.framework */; };
		8E82D82421786CDB00F58457 /* QuartzCore.framework in Frameworks */ = {isa = PBXBuildFile; fileRef = 8E5FF968217847C000AF320F /* QuartzCore.framework */; };
		8EB519C7217EF64E0086C835 /* HTSwapchain.cpp in Sources */ = {isa = PBXBuildFile; fileRef = 8EB519C5217EF64E0086C835 /* HTSwapchain.cpp */; };
/* End PBXBuildFile section */

/* Begin PBXCopyFilesBuildPhase section */
		8E140EA9216B62470016E1A3 /* CopyFiles */ = {
			isa = PBXCopyFilesBuildPhase;
			buildActionMask = 12;
			dstPath = .;
			dstSubfolderSpec = 16;
			files = (
				8E140EBE216B65F30016E1A3 /* libvulkan.1.dylib in CopyFiles */,
				8E7B122121A2BC6F00D669A6 /* vert.spv in CopyFiles */,
				8E7B122021A2BC6D00D669A6 /* frag.spv in CopyFiles */,
				3D79B1E021E6E38600AED3F5 /* 1.jpg in CopyFiles */,
				3D79B1E121E6E38600AED3F5 /* 2.jpg in CopyFiles */,
				8E140EC2216B69570016E1A3 /* MoltenVK_icd.json in CopyFiles */,
				8E140EC5216B6D930016E1A3 /* libMoltenVK.dylib in CopyFiles */,
			);
			runOnlyForDeploymentPostprocessing = 0;
		};
/* End PBXCopyFilesBuildPhase section */

/* Begin PBXFileReference section */
		3D79B1DE21E6E37B00AED3F5 /* 1.jpg */ = {isa = PBXFileReference; lastKnownFileType = image.jpeg; path = 1.jpg; sourceTree = "<group>"; };
		3D79B1DF21E6E37B00AED3F5 /* 2.jpg */ = {isa = PBXFileReference; lastKnownFileType = image.jpeg; path = 2.jpg; sourceTree = "<group>"; };
		64AB8015E0DF07F62B179B78 /* HTRenderPipline.hpp */ = {isa = PBXFileReference; fileEncoding = 4; lastKnownFileType = sourcecode.cpp.h; path = HTRenderPipline.hpp; sourceTree = "<group>"; };
		64AB8202751A74014F09BA93 /* HTRenderPass.cpp */ = {isa = PBXFileReference; fileEncoding = 4; lastKnownFileType = sourcecode.cpp.cpp; path = HTRenderPass.cpp; sourceTree = "<group>"; };
		64AB838638B228F2DCEDEDA5 /* HTUniformBuffer.cpp */ = {isa = PBXFileReference; fileEncoding = 4; lastKnownFileType = sourcecode.cpp.cpp; path = HTUniformBuffer.cpp; sourceTree = "<group>"; };
		64AB842FB3483B4290FD1516 /* HTTexture.cpp */ = {isa = PBXFileReference; fileEncoding = 4; lastKnownFileType = sourcecode.cpp.cpp; path = HTTexture.cpp; sourceTree = "<group>"; };
		64AB84B0741A87400CF989B4 /* HTRenderer.cpp */ = {isa = PBXFileReference; fileEncoding = 4; lastKnownFileType = sourcecode.cpp.cpp; path = HTRenderer.cpp; sourceTree = "<group>"; };
		64AB84E399FACB06C49BAC96 /* HTBuffer.cpp */ = {isa = PBXFileReference; fileEncoding = 4; lastKnownFileType = sourcecode.cpp.cpp; path = HTBuffer.cpp; sourceTree = "<group>"; };
		64AB862481F269D75CE18494 /* HTUniformBuffer.hpp */ = {isa = PBXFileReference; fileEncoding = 4; lastKnownFileType = sourcecode.cpp.h; path = HTUniformBuffer.hpp; sourceTree = "<group>"; };
		64AB87902B57E3028F12580F /* HTTexture.hpp */ = {isa = PBXFileReference; fileEncoding = 4; lastKnownFileType = sourcecode.cpp.h; path = HTTexture.hpp; sourceTree = "<group>"; };
		64AB87C3545F9B03EB9C55FC /* HTVertexBuffer.hpp */ = {isa = PBXFileReference; fileEncoding = 4; lastKnownFileType = sourcecode.cpp.h; path = HTVertexBuffer.hpp; sourceTree = "<group>"; };
		64AB87C4414DEDB8C441EC93 /* HTCommandBufferPool.hpp */ = {isa = PBXFileReference; fileEncoding = 4; lastKnownFileType = sourcecode.cpp.h; path = HTCommandBufferPool.hpp; sourceTree = "<group>"; };
		64AB880A59F49773E818A0A0 /* HTFrameBufferPool.cpp */ = {isa = PBXFileReference; fileEncoding = 4; lastKnownFileType = sourcecode.cpp.cpp; path = HTFrameBufferPool.cpp; sourceTree = "<group>"; };
		64AB88BAC5071EBD287556F8 /* HTWindow.mm */ = {isa = PBXFileReference; fileEncoding = 4; lastKnownFileType = sourcecode.cpp.objcpp; path = HTWindow.mm; sourceTree = "<group>"; };
		64AB88E423F69B9782946A99 /* HTUniformBufferPool.cpp */ = {isa = PBXFileReference; fileEncoding = 4; lastKnownFileType = sourcecode.cpp.cpp; path = HTUniformBufferPool.cpp; sourceTree = "<group>"; };
		64AB894506E2DBFF641A801F /* HTFrameBufferPool.hpp */ = {isa = PBXFileReference; fileEncoding = 4; lastKnownFileType = sourcecode.cpp.h; path = HTFrameBufferPool.hpp; sourceTree = "<group>"; };
		64AB89E75ED4A0739A8C2F79 /* HTRenderPass.hpp */ = {isa = PBXFileReference; fileEncoding = 4; lastKnownFileType = sourcecode.cpp.h; path = HTRenderPass.hpp; sourceTree = "<group>"; };
		64AB8A3D34ECB77ADEB45FF1 /* HTBuffer.hpp */ = {isa = PBXFileReference; fileEncoding = 4; lastKnownFileType = sourcecode.cpp.h; path = HTBuffer.hpp; sourceTree = "<group>"; };
		64AB8A506CD91E047E60D4E5 /* HTRenderer.hpp */ = {isa = PBXFileReference; fileEncoding = 4; lastKnownFileType = sourcecode.cpp.h; path = HTRenderer.hpp; sourceTree = "<group>"; };
		64AB8A643FF05D1CCDB05171 /* HTRenderSurface.cpp */ = {isa = PBXFileReference; fileEncoding = 4; lastKnownFileType = sourcecode.cpp.cpp; path = HTRenderSurface.cpp; sourceTree = "<group>"; };
		64AB8AE58575C2A5406718AE /* HTUniformBufferPool.hpp */ = {isa = PBXFileReference; fileEncoding = 4; lastKnownFileType = sourcecode.cpp.h; path = HTUniformBufferPool.hpp; sourceTree = "<group>"; };
		64AB8B42600FF006818D5FE1 /* HTVertexBuffer.cpp */ = {isa = PBXFileReference; fileEncoding = 4; lastKnownFileType = sourcecode.cpp.cpp; path = HTVertexBuffer.cpp; sourceTree = "<group>"; };
		64AB8BDB4A263940AED22593 /* HTVKCheckUtil.hpp */ = {isa = PBXFileReference; fileEncoding = 4; lastKnownFileType = sourcecode.cpp.h; path = HTVKCheckUtil.hpp; sourceTree = "<group>"; };
		64AB8C22C8EF8E67EAF9F8FD /* HTCommandBufferPool.cpp */ = {isa = PBXFileReference; fileEncoding = 4; lastKnownFileType = sourcecode.cpp.cpp; path = HTCommandBufferPool.cpp; sourceTree = "<group>"; };
		64AB8D0549A84FB3AAA1B177 /* HTRenderSurface.hpp */ = {isa = PBXFileReference; fileEncoding = 4; lastKnownFileType = sourcecode.cpp.h; path = HTRenderSurface.hpp; sourceTree = "<group>"; };
		64AB8EA3467AE2C60272CDA1 /* HTWindow.h */ = {isa = PBXFileReference; fileEncoding = 4; lastKnownFileType = sourcecode.c.h; path = HTWindow.h; sourceTree = "<group>"; };
		64AB8F67636D7DDFF0FCBFE1 /* HTRenderPipline.cpp */ = {isa = PBXFileReference; fileEncoding = 4; lastKnownFileType = sourcecode.cpp.cpp; path = HTRenderPipline.cpp; sourceTree = "<group>"; };
		8E140EAB216B62470016E1A3 /* VulkanTutorialMacOS */ = {isa = PBXFileReference; explicitFileType = "compiled.mach-o.executable"; includeInIndex = 0; path = VulkanTutorialMacOS; sourceTree = BUILT_PRODUCTS_DIR; };
		8E140EAE216B62480016E1A3 /* main.cpp */ = {isa = PBXFileReference; lastKnownFileType = sourcecode.cpp.cpp; path = main.cpp; sourceTree = "<group>"; };
		8E140EB8216B629F0016E1A3 /* HTRenderDevice.cpp */ = {isa = PBXFileReference; lastKnownFileType = sourcecode.cpp.cpp; path = HTRenderDevice.cpp; sourceTree = "<group>"; };
		8E140EB9216B629F0016E1A3 /* HTRenderDevice.hpp */ = {isa = PBXFileReference; lastKnownFileType = sourcecode.cpp.h; path = HTRenderDevice.hpp; sourceTree = "<group>"; };
		8E140EBC216B65ED0016E1A3 /* libvulkan.1.dylib */ = {isa = PBXFileReference; lastKnownFileType = "compiled.mach-o.dylib"; path = libvulkan.1.dylib; sourceTree = "<group>"; };
		8E140EC1216B693E0016E1A3 /* MoltenVK_icd.json */ = {isa = PBXFileReference; fileEncoding = 4; lastKnownFileType = text.json; path = MoltenVK_icd.json; sourceTree = "<group>"; };
		8E140EC3216B6D720016E1A3 /* libMoltenVK.dylib */ = {isa = PBXFileReference; lastKnownFileType = "compiled.mach-o.dylib"; path = libMoltenVK.dylib; sourceTree = "<group>"; };
		8E3239F52179E30E009056C3 /* HTMacros.h */ = {isa = PBXFileReference; fileEncoding = 4; lastKnownFileType = sourcecode.c.h; path = HTMacros.h; sourceTree = "<group>"; };
		8E3239F62179E30E009056C3 /* HTVulkanInstance.hpp */ = {isa = PBXFileReference; fileEncoding = 4; lastKnownFileType = sourcecode.cpp.h; path = HTVulkanInstance.hpp; sourceTree = "<group>"; };
		8E3239F72179E30E009056C3 /* HTVulkanInstance.cpp */ = {isa = PBXFileReference; fileEncoding = 4; lastKnownFileType = sourcecode.cpp.cpp; path = HTVulkanInstance.cpp; sourceTree = "<group>"; };
		8E5FF966217847B800AF320F /* Cocoa.framework */ = {isa = PBXFileReference; lastKnownFileType = wrapper.framework; name = Cocoa.framework; path = System/Library/Frameworks/Cocoa.framework; sourceTree = SDKROOT; };
		8E5FF968217847C000AF320F /* QuartzCore.framework */ = {isa = PBXFileReference; lastKnownFileType = wrapper.framework; name = QuartzCore.framework; path = System/Library/Frameworks/QuartzCore.framework; sourceTree = SDKROOT; };
		8E5FF96A217847C800AF320F /* MetalKit.framework */ = {isa = PBXFileReference; lastKnownFileType = wrapper.framework; name = MetalKit.framework; path = System/Library/Frameworks/MetalKit.framework; sourceTree = SDKROOT; };
		8E82D8222178676300F58457 /* CoreVideo.framework */ = {isa = PBXFileReference; lastKnownFileType = wrapper.framework; name = CoreVideo.framework; path = System/Library/Frameworks/CoreVideo.framework; sourceTree = SDKROOT; };
		8E9D2B5C21C8A10B0092E2B5 /* stb_image.h */ = {isa = PBXFileReference; fileEncoding = 4; lastKnownFileType = sourcecode.c.h; path = stb_image.h; sourceTree = "<group>"; };
		8EB519C5217EF64E0086C835 /* HTSwapchain.cpp */ = {isa = PBXFileReference; lastKnownFileType = sourcecode.cpp.cpp; path = HTSwapchain.cpp; sourceTree = "<group>"; };
		8EB519C6217EF64E0086C835 /* HTSwapchain.hpp */ = {isa = PBXFileReference; lastKnownFileType = sourcecode.cpp.h; path = HTSwapchain.hpp; sourceTree = "<group>"; };
		8EBE7F5B21944F52007AED2B /* frag.spv */ = {isa = PBXFileReference; lastKnownFileType = file; path = frag.spv; sourceTree = "<group>"; };
		8EBE7F5C21944F52007AED2B /* vertex.vert */ = {isa = PBXFileReference; fileEncoding = 4; lastKnownFileType = sourcecode.glsl; path = vertex.vert; sourceTree = "<group>"; };
		8EBE7F5D21944F52007AED2B /* fragment.frag */ = {isa = PBXFileReference; fileEncoding = 4; lastKnownFileType = sourcecode.glsl; path = fragment.frag; sourceTree = "<group>"; };
		8EBE7F5E21944F52007AED2B /* vert.spv */ = {isa = PBXFileReference; lastKnownFileType = file; path = vert.spv; sourceTree = "<group>"; };
		8EBE7F5F21944F7A007AED2B /* compile.sh */ = {isa = PBXFileReference; lastKnownFileType = text.script.sh; path = compile.sh; sourceTree = "<group>"; };
/* End PBXFileReference section */

/* Begin PBXFrameworksBuildPhase section */
		8E140EA8216B62470016E1A3 /* Frameworks */ = {
			isa = PBXFrameworksBuildPhase;
			buildActionMask = 2147483647;
			files = (
				8E82D82421786CDB00F58457 /* QuartzCore.framework in Frameworks */,
				8E82D8232178676300F58457 /* CoreVideo.framework in Frameworks */,
				8E5FF96B217847C800AF320F /* MetalKit.framework in Frameworks */,
				8E5FF967217847B800AF320F /* Cocoa.framework in Frameworks */,
				8E140EC4216B6D720016E1A3 /* libMoltenVK.dylib in Frameworks */,
				8E140EBD216B65ED0016E1A3 /* libvulkan.1.dylib in Frameworks */,
			);
			runOnlyForDeploymentPostprocessing = 0;
		};
/* End PBXFrameworksBuildPhase section */

/* Begin PBXGroup section */
		8E140EA2216B62470016E1A3 = {
			isa = PBXGroup;
			children = (
				8E140EAD216B62470016E1A3 /* VulkanTutorialMacOS */,
				8E140EAC216B62470016E1A3 /* Products */,
				8E5FF965217847B800AF320F /* Frameworks */,
			);
			sourceTree = "<group>";
		};
		8E140EAC216B62470016E1A3 /* Products */ = {
			isa = PBXGroup;
			children = (
				8E140EAB216B62470016E1A3 /* VulkanTutorialMacOS */,
			);
			name = Products;
			sourceTree = "<group>";
		};
		8E140EAD216B62470016E1A3 /* VulkanTutorialMacOS */ = {
			isa = PBXGroup;
			children = (
				8EBE7F5A21944F52007AED2B /* Shaders */,
				8E140EC0216B692E0016E1A3 /* Resources */,
				8E140EBB216B63450016E1A3 /* Frameworks */,
				8E140EB5216B62790016E1A3 /* Classes */,
				8E140EAE216B62480016E1A3 /* main.cpp */,
				64AB88BAC5071EBD287556F8 /* HTWindow.mm */,
				64AB8EA3467AE2C60272CDA1 /* HTWindow.h */,
			);
			path = VulkanTutorialMacOS;
			sourceTree = "<group>";
		};
		8E140EB5216B62790016E1A3 /* Classes */ = {
			isa = PBXGroup;
			children = (
				8E9D2B5A21C8A10B0092E2B5 /* ThirdParty */,
				8E3239F52179E30E009056C3 /* HTMacros.h */,
				8E3239F72179E30E009056C3 /* HTVulkanInstance.cpp */,
				8E3239F62179E30E009056C3 /* HTVulkanInstance.hpp */,
				8E140EB8216B629F0016E1A3 /* HTRenderDevice.cpp */,
				8E140EB9216B629F0016E1A3 /* HTRenderDevice.hpp */,
				64AB8BDB4A263940AED22593 /* HTVKCheckUtil.hpp */,
				64AB8A643FF05D1CCDB05171 /* HTRenderSurface.cpp */,
				64AB8D0549A84FB3AAA1B177 /* HTRenderSurface.hpp */,
				8EB519C5217EF64E0086C835 /* HTSwapchain.cpp */,
				8EB519C6217EF64E0086C835 /* HTSwapchain.hpp */,
				64AB8202751A74014F09BA93 /* HTRenderPass.cpp */,
				64AB89E75ED4A0739A8C2F79 /* HTRenderPass.hpp */,
				64AB880A59F49773E818A0A0 /* HTFrameBufferPool.cpp */,
				64AB894506E2DBFF641A801F /* HTFrameBufferPool.hpp */,
				64AB8C22C8EF8E67EAF9F8FD /* HTCommandBufferPool.cpp */,
				64AB87C4414DEDB8C441EC93 /* HTCommandBufferPool.hpp */,
				64AB84B0741A87400CF989B4 /* HTRenderer.cpp */,
				64AB8A506CD91E047E60D4E5 /* HTRenderer.hpp */,
				64AB8F67636D7DDFF0FCBFE1 /* HTRenderPipline.cpp */,
				64AB8015E0DF07F62B179B78 /* HTRenderPipline.hpp */,
				64AB8B42600FF006818D5FE1 /* HTVertexBuffer.cpp */,
				64AB87C3545F9B03EB9C55FC /* HTVertexBuffer.hpp */,
				64AB84E399FACB06C49BAC96 /* HTBuffer.cpp */,
				64AB8A3D34ECB77ADEB45FF1 /* HTBuffer.hpp */,
				64AB838638B228F2DCEDEDA5 /* HTUniformBuffer.cpp */,
				64AB862481F269D75CE18494 /* HTUniformBuffer.hpp */,
				64AB88E423F69B9782946A99 /* HTUniformBufferPool.cpp */,
				64AB8AE58575C2A5406718AE /* HTUniformBufferPool.hpp */,
				64AB842FB3483B4290FD1516 /* HTTexture.cpp */,
				64AB87902B57E3028F12580F /* HTTexture.hpp */,
			);
			name = Classes;
			path = ../../../../Classes;
			sourceTree = "<group>";
		};
		8E140EBB216B63450016E1A3 /* Frameworks */ = {
			isa = PBXGroup;
			children = (
				8E140EC3216B6D720016E1A3 /* libMoltenVK.dylib */,
				8E140EBC216B65ED0016E1A3 /* libvulkan.1.dylib */,
			);
			path = Frameworks;
			sourceTree = "<group>";
		};
		8E140EC0216B692E0016E1A3 /* Resources */ = {
			isa = PBXGroup;
			children = (
				3D79B1DE21E6E37B00AED3F5 /* 1.jpg */,
				3D79B1DF21E6E37B00AED3F5 /* 2.jpg */,
				8E140EC1216B693E0016E1A3 /* MoltenVK_icd.json */,
			);
			path = Resources;
			sourceTree = "<group>";
		};
		8E5FF965217847B800AF320F /* Frameworks */ = {
			isa = PBXGroup;
			children = (
				8E82D8222178676300F58457 /* CoreVideo.framework */,
				8E5FF96A217847C800AF320F /* MetalKit.framework */,
				8E5FF968217847C000AF320F /* QuartzCore.framework */,
				8E5FF966217847B800AF320F /* Cocoa.framework */,
			);
			name = Frameworks;
			sourceTree = "<group>";
		};
		8E9D2B5A21C8A10B0092E2B5 /* ThirdParty */ = {
			isa = PBXGroup;
			children = (
				8E9D2B5B21C8A10B0092E2B5 /* stb */,
			);
			path = ThirdParty;
			sourceTree = "<group>";
		};
		8E9D2B5B21C8A10B0092E2B5 /* stb */ = {
			isa = PBXGroup;
			children = (
				8E9D2B5C21C8A10B0092E2B5 /* stb_image.h */,
			);
			path = stb;
			sourceTree = "<group>";
		};
		8EBE7F5A21944F52007AED2B /* Shaders */ = {
			isa = PBXGroup;
			children = (
				8EBE7F5B21944F52007AED2B /* frag.spv */,
				8EBE7F5C21944F52007AED2B /* vertex.vert */,
				8EBE7F5D21944F52007AED2B /* fragment.frag */,
				8EBE7F5E21944F52007AED2B /* vert.spv */,
				8EBE7F5F21944F7A007AED2B /* compile.sh */,
			);
			name = Shaders;
			path = ../../../../Shaders;
			sourceTree = "<group>";
		};
/* End PBXGroup section */

/* Begin PBXNativeTarget section */
		8E140EAA216B62470016E1A3 /* VulkanTutorialMacOS */ = {
			isa = PBXNativeTarget;
			buildConfigurationList = 8E140EB2216B62480016E1A3 /* Build configuration list for PBXNativeTarget "VulkanTutorialMacOS" */;
			buildPhases = (
				8E140EA7216B62470016E1A3 /* Sources */,
				8E140EA8216B62470016E1A3 /* Frameworks */,
				8E7B122221A2BCD000D669A6 /* Compile Shaders */,
				8E140EA9216B62470016E1A3 /* CopyFiles */,
			);
			buildRules = (
			);
			dependencies = (
			);
			name = VulkanTutorialMacOS;
			productName = VulkanTutorialMacOS;
			productReference = 8E140EAB216B62470016E1A3 /* VulkanTutorialMacOS */;
			productType = "com.apple.product-type.tool";
		};
/* End PBXNativeTarget section */

/* Begin PBXProject section */
		8E140EA3216B62470016E1A3 /* Project object */ = {
			isa = PBXProject;
			attributes = {
				LastUpgradeCheck = 1000;
				ORGANIZATIONNAME = handytool;
				TargetAttributes = {
					8E140EAA216B62470016E1A3 = {
						CreatedOnToolsVersion = 10.0;
					};
				};
			};
			buildConfigurationList = 8E140EA6216B62470016E1A3 /* Build configuration list for PBXProject "VulkanTutorialMacOS" */;
			compatibilityVersion = "Xcode 9.3";
			developmentRegion = en;
			hasScannedForEncodings = 0;
			knownRegions = (
				en,
			);
			mainGroup = 8E140EA2216B62470016E1A3;
			productRefGroup = 8E140EAC216B62470016E1A3 /* Products */;
			projectDirPath = "";
			projectRoot = "";
			targets = (
				8E140EAA216B62470016E1A3 /* VulkanTutorialMacOS */,
			);
		};
/* End PBXProject section */

/* Begin PBXShellScriptBuildPhase section */
		8E7B122221A2BCD000D669A6 /* Compile Shaders */ = {
			isa = PBXShellScriptBuildPhase;
			buildActionMask = 2147483647;
			files = (
			);
			inputFileListPaths = (
			);
			inputPaths = (
			);
			name = "Compile Shaders";
			outputFileListPaths = (
			);
			outputPaths = (
			);
			runOnlyForDeploymentPostprocessing = 0;
			shellPath = /bin/sh;
			shellScript = "cd ${SRCROOT}/../../../Shaders\n./compile.sh\n";
		};
/* End PBXShellScriptBuildPhase section */

/* Begin PBXSourcesBuildPhase section */
		8E140EA7216B62470016E1A3 /* Sources */ = {
			isa = PBXSourcesBuildPhase;
			buildActionMask = 2147483647;
			files = (
				8EB519C7217EF64E0086C835 /* HTSwapchain.cpp in Sources */,
				8E140EAF216B62480016E1A3 /* main.cpp in Sources */,
				8E3239F82179E30E009056C3 /* HTVulkanInstance.cpp in Sources */,
				8E140EBA216B629F0016E1A3 /* HTRenderDevice.cpp in Sources */,
				64AB854AE739ED4A029CD95D /* HTRenderSurface.cpp in Sources */,
				64AB816196813BF51A1C5F5F /* HTWindow.mm in Sources */,
				64AB819796DB4AD6A02E0D0A /* HTRenderPass.cpp in Sources */,
				64AB83F40AA746EA866229D1 /* HTFrameBufferPool.cpp in Sources */,
				64AB81B35E3AEFF7F4B92C91 /* HTCommandBufferPool.cpp in Sources */,
				64AB86346A8EAB95EDBCADBD /* HTRenderer.cpp in Sources */,
				64AB85941593057E2E2DB68B /* HTRenderPipline.cpp in Sources */,
				64AB8459796E234DF93A473C /* HTVertexBuffer.cpp in Sources */,
				64AB81EB0D5C1B9BFB494366 /* HTBuffer.cpp in Sources */,
				64AB80DAE94BD07B77D8B2E9 /* HTUniformBuffer.cpp in Sources */,
				64AB8D82A2F7C81ED34D7C56 /* HTUniformBufferPool.cpp in Sources */,
				64AB8EBD38D43650DA5FB6AF /* HTTexture.cpp in Sources */,
			);
			runOnlyForDeploymentPostprocessing = 0;
		};
/* End PBXSourcesBuildPhase section */

/* Begin XCBuildConfiguration section */
		8E140EB0216B62480016E1A3 /* Debug */ = {
			isa = XCBuildConfiguration;
			buildSettings = {
				ALWAYS_SEARCH_USER_PATHS = NO;
				CLANG_ANALYZER_NONNULL = YES;
				CLANG_ANALYZER_NUMBER_OBJECT_CONVERSION = YES_AGGRESSIVE;
				CLANG_CXX_LANGUAGE_STANDARD = "gnu++14";
				CLANG_CXX_LIBRARY = "libc++";
				CLANG_ENABLE_MODULES = YES;
				CLANG_ENABLE_OBJC_ARC = YES;
				CLANG_ENABLE_OBJC_WEAK = YES;
				CLANG_WARN_BLOCK_CAPTURE_AUTORELEASING = YES;
				CLANG_WARN_BOOL_CONVERSION = YES;
				CLANG_WARN_COMMA = YES;
				CLANG_WARN_CONSTANT_CONVERSION = YES;
				CLANG_WARN_DEPRECATED_OBJC_IMPLEMENTATIONS = YES;
				CLANG_WARN_DIRECT_OBJC_ISA_USAGE = YES_ERROR;
				CLANG_WARN_DOCUMENTATION_COMMENTS = YES;
				CLANG_WARN_EMPTY_BODY = YES;
				CLANG_WARN_ENUM_CONVERSION = YES;
				CLANG_WARN_INFINITE_RECURSION = YES;
				CLANG_WARN_INT_CONVERSION = YES;
				CLANG_WARN_NON_LITERAL_NULL_CONVERSION = YES;
				CLANG_WARN_OBJC_IMPLICIT_RETAIN_SELF = YES;
				CLANG_WARN_OBJC_LITERAL_CONVERSION = YES;
				CLANG_WARN_OBJC_ROOT_CLASS = YES_ERROR;
				CLANG_WARN_RANGE_LOOP_ANALYSIS = YES;
				CLANG_WARN_STRICT_PROTOTYPES = YES;
				CLANG_WARN_SUSPICIOUS_MOVE = YES;
				CLANG_WARN_UNGUARDED_AVAILABILITY = YES_AGGRESSIVE;
				CLANG_WARN_UNREACHABLE_CODE = YES;
				CLANG_WARN__DUPLICATE_METHOD_MATCH = YES;
				CODE_SIGN_IDENTITY = "-";
				COPY_PHASE_STRIP = NO;
				DEBUG_INFORMATION_FORMAT = dwarf;
				ENABLE_STRICT_OBJC_MSGSEND = YES;
				ENABLE_TESTABILITY = YES;
				GCC_C_LANGUAGE_STANDARD = gnu11;
				GCC_DYNAMIC_NO_PIC = NO;
				GCC_NO_COMMON_BLOCKS = YES;
				GCC_OPTIMIZATION_LEVEL = 0;
				GCC_PREPROCESSOR_DEFINITIONS = (
					"DEBUG=1",
					"$(inherited)",
				);
				GCC_WARN_64_TO_32_BIT_CONVERSION = YES;
				GCC_WARN_ABOUT_RETURN_TYPE = YES_ERROR;
				GCC_WARN_UNDECLARED_SELECTOR = YES;
				GCC_WARN_UNINITIALIZED_AUTOS = YES_AGGRESSIVE;
				GCC_WARN_UNUSED_FUNCTION = YES;
				GCC_WARN_UNUSED_VARIABLE = YES;
				MACOSX_DEPLOYMENT_TARGET = 10.14;
				MTL_ENABLE_DEBUG_INFO = INCLUDE_SOURCE;
				MTL_FAST_MATH = YES;
				ONLY_ACTIVE_ARCH = YES;
				SDKROOT = macosx;
			};
			name = Debug;
		};
		8E140EB1216B62480016E1A3 /* Release */ = {
			isa = XCBuildConfiguration;
			buildSettings = {
				ALWAYS_SEARCH_USER_PATHS = NO;
				CLANG_ANALYZER_NONNULL = YES;
				CLANG_ANALYZER_NUMBER_OBJECT_CONVERSION = YES_AGGRESSIVE;
				CLANG_CXX_LANGUAGE_STANDARD = "gnu++14";
				CLANG_CXX_LIBRARY = "libc++";
				CLANG_ENABLE_MODULES = YES;
				CLANG_ENABLE_OBJC_ARC = YES;
				CLANG_ENABLE_OBJC_WEAK = YES;
				CLANG_WARN_BLOCK_CAPTURE_AUTORELEASING = YES;
				CLANG_WARN_BOOL_CONVERSION = YES;
				CLANG_WARN_COMMA = YES;
				CLANG_WARN_CONSTANT_CONVERSION = YES;
				CLANG_WARN_DEPRECATED_OBJC_IMPLEMENTATIONS = YES;
				CLANG_WARN_DIRECT_OBJC_ISA_USAGE = YES_ERROR;
				CLANG_WARN_DOCUMENTATION_COMMENTS = YES;
				CLANG_WARN_EMPTY_BODY = YES;
				CLANG_WARN_ENUM_CONVERSION = YES;
				CLANG_WARN_INFINITE_RECURSION = YES;
				CLANG_WARN_INT_CONVERSION = YES;
				CLANG_WARN_NON_LITERAL_NULL_CONVERSION = YES;
				CLANG_WARN_OBJC_IMPLICIT_RETAIN_SELF = YES;
				CLANG_WARN_OBJC_LITERAL_CONVERSION = YES;
				CLANG_WARN_OBJC_ROOT_CLASS = YES_ERROR;
				CLANG_WARN_RANGE_LOOP_ANALYSIS = YES;
				CLANG_WARN_STRICT_PROTOTYPES = YES;
				CLANG_WARN_SUSPICIOUS_MOVE = YES;
				CLANG_WARN_UNGUARDED_AVAILABILITY = YES_AGGRESSIVE;
				CLANG_WARN_UNREACHABLE_CODE = YES;
				CLANG_WARN__DUPLICATE_METHOD_MATCH = YES;
				CODE_SIGN_IDENTITY = "-";
				COPY_PHASE_STRIP = NO;
				DEBUG_INFORMATION_FORMAT = "dwarf-with-dsym";
				ENABLE_NS_ASSERTIONS = NO;
				ENABLE_STRICT_OBJC_MSGSEND = YES;
				GCC_C_LANGUAGE_STANDARD = gnu11;
				GCC_NO_COMMON_BLOCKS = YES;
				GCC_WARN_64_TO_32_BIT_CONVERSION = YES;
				GCC_WARN_ABOUT_RETURN_TYPE = YES_ERROR;
				GCC_WARN_UNDECLARED_SELECTOR = YES;
				GCC_WARN_UNINITIALIZED_AUTOS = YES_AGGRESSIVE;
				GCC_WARN_UNUSED_FUNCTION = YES;
				GCC_WARN_UNUSED_VARIABLE = YES;
				MACOSX_DEPLOYMENT_TARGET = 10.14;
				MTL_ENABLE_DEBUG_INFO = NO;
				MTL_FAST_MATH = YES;
				SDKROOT = macosx;
			};
			name = Release;
		};
		8E140EB3216B62480016E1A3 /* Debug */ = {
			isa = XCBuildConfiguration;
			buildSettings = {
				CODE_SIGN_STYLE = Automatic;
				HEADER_SEARCH_PATHS = (
					/usr/local/vulkansdk/macOS/include,
					/usr/local/include,
				);
				LIBRARY_SEARCH_PATHS = (
					/usr/local/vulkansdk/macOS/lib,
					"$(PROJECT_DIR)/VulkanTutorialMacOS/Frameworks",
				);
				PRODUCT_NAME = "$(TARGET_NAME)";
			};
			name = Debug;
		};
		8E140EB4216B62480016E1A3 /* Release */ = {
			isa = XCBuildConfiguration;
			buildSettings = {
				CODE_SIGN_STYLE = Automatic;
				HEADER_SEARCH_PATHS = (
					/usr/local/vulkansdk/macOS/include,
					/usr/local/include,
				);
				LIBRARY_SEARCH_PATHS = (
					/usr/local/vulkansdk/macOS/lib,
					"$(PROJECT_DIR)/VulkanTutorialMacOS/Frameworks",
				);
				PRODUCT_NAME = "$(TARGET_NAME)";
			};
			name = Release;
		};
/* End XCBuildConfiguration section */

/* Begin XCConfigurationList section */
		8E140EA6216B62470016E1A3 /* Build configuration list for PBXProject "VulkanTutorialMacOS" */ = {
			isa = XCConfigurationList;
			buildConfigurations = (
				8E140EB0216B62480016E1A3 /* Debug */,
				8E140EB1216B62480016E1A3 /* Release */,
			);
			defaultConfigurationIsVisible = 0;
			defaultConfigurationName = Release;
		};
		8E140EB2216B62480016E1A3 /* Build configuration list for PBXNativeTarget "VulkanTutorialMacOS" */ = {
			isa = XCConfigurationList;
			buildConfigurations = (
				8E140EB3216B62480016E1A3 /* Debug */,
				8E140EB4216B62480016E1A3 /* Release */,
			);
			defaultConfigurationIsVisible = 0;
			defaultConfigurationName = Release;
		};
/* End XCConfigurationList section */
	};
	rootObject = 8E140EA3216B62470016E1A3 /* Project object */;
}
